
Microsoft Visual Studio Solution File, Format Version 12.00
# Visual Studio Version 17
VisualStudioVersion = 17.0.31903.59
MinimumVisualStudioVersion = 10.0.40219.1
Project("{2150E333-8FDC-42A3-9474-1A3956D46DE8}") = "src", "src", "{827E0CD3-B72D-47B6-A68D-7590B98EB39B}"
EndProject
Project("{FAE04EC0-301F-11D3-BF4B-00C04F79EFBC}") = "DonJEnemySpawner", "src\DonJEnemySpawner\DonJEnemySpawner.csproj", "{F2A367CE-1019-4DF0-B00F-D032FB308441}"
EndProject
Project("{FAE04EC0-301F-11D3-BF4B-00C04F79EFBC}") = "DonJEnemySpawner.Tests", "tests\DonJEnemySpawner.Tests\DonJEnemySpawner.Tests.csproj", "{7021B81D-0388-45D5-AFF9-C104736B0AFC}"
EndProject
Project("{FAE04EC0-301F-11D3-BF4B-00C04F79EFBC}") = "DonJ.NibAbiValidator", "tools\NibAbiValidator\DonJ.NibAbiValidator.csproj", "{D64666F4-BB14-4D69-A664-7BF1E0358381}"
EndProject
Global
	GlobalSection(SolutionConfigurationPlatforms) = preSolution
		Debug|Any CPU = Debug|Any CPU
		Debug|x64 = Debug|x64
		Debug|x86 = Debug|x86
		Release|Any CPU = Release|Any CPU
		Release|x64 = Release|x64
		Release|x86 = Release|x86
	EndGlobalSection
	GlobalSection(ProjectConfigurationPlatforms) = postSolution
		{F2A367CE-1019-4DF0-B00F-D032FB308441}.Debug|Any CPU.ActiveCfg = Debug|Any CPU
		{F2A367CE-1019-4DF0-B00F-D032FB308441}.Debug|Any CPU.Build.0 = Debug|Any CPU
		{F2A367CE-1019-4DF0-B00F-D032FB308441}.Debug|x64.ActiveCfg = Debug|Any CPU
		{F2A367CE-1019-4DF0-B00F-D032FB308441}.Debug|x64.Build.0 = Debug|Any CPU
		{F2A367CE-1019-4DF0-B00F-D032FB308441}.Debug|x86.ActiveCfg = Debug|Any CPU
		{F2A367CE-1019-4DF0-B00F-D032FB308441}.Debug|x86.Build.0 = Debug|Any CPU
		{F2A367CE-1019-4DF0-B00F-D032FB308441}.Release|Any CPU.ActiveCfg = Release|Any CPU
		{F2A367CE-1019-4DF0-B00F-D032FB308441}.Release|Any CPU.Build.0 = Release|Any CPU
		{F2A367CE-1019-4DF0-B00F-D032FB308441}.Release|x64.ActiveCfg = Release|Any CPU
		{F2A367CE-1019-4DF0-B00F-D032FB308441}.Release|x64.Build.0 = Release|Any CPU
		{F2A367CE-1019-4DF0-B00F-D032FB308441}.Release|x86.ActiveCfg = Release|Any CPU
		{F2A367CE-1019-4DF0-B00F-D032FB308441}.Release|x86.Build.0 = Release|Any CPU
		{7021B81D-0388-45D5-AFF9-C104736B0AFC}.Debug|Any CPU.ActiveCfg = Debug|Any CPU
		{7021B81D-0388-45D5-AFF9-C104736B0AFC}.Debug|Any CPU.Build.0 = Debug|Any CPU
		{7021B81D-0388-45D5-AFF9-C104736B0AFC}.Debug|x64.ActiveCfg = Debug|Any CPU
		{7021B81D-0388-45D5-AFF9-C104736B0AFC}.Debug|x64.Build.0 = Debug|Any CPU
		{7021B81D-0388-45D5-AFF9-C104736B0AFC}.Debug|x86.ActiveCfg = Debug|Any CPU
		{7021B81D-0388-45D5-AFF9-C104736B0AFC}.Debug|x86.Build.0 = Debug|Any CPU
		{7021B81D-0388-45D5-AFF9-C104736B0AFC}.Release|Any CPU.ActiveCfg = Release|Any CPU
		{7021B81D-0388-45D5-AFF9-C104736B0AFC}.Release|Any CPU.Build.0 = Release|Any CPU
		{7021B81D-0388-45D5-AFF9-C104736B0AFC}.Release|x64.ActiveCfg = Release|Any CPU
		{7021B81D-0388-45D5-AFF9-C104736B0AFC}.Release|x64.Build.0 = Release|Any CPU
		{7021B81D-0388-45D5-AFF9-C104736B0AFC}.Release|x86.ActiveCfg = Release|Any CPU
		{7021B81D-0388-45D5-AFF9-C104736B0AFC}.Release|x86.Build.0 = Release|Any CPU
		{D64666F4-BB14-4D69-A664-7BF1E0358381}.Debug|Any CPU.ActiveCfg = Debug|Any CPU
		{D64666F4-BB14-4D69-A664-7BF1E0358381}.Debug|Any CPU.Build.0 = Debug|Any CPU
		{D64666F4-BB14-4D69-A664-7BF1E0358381}.Debug|x64.ActiveCfg = Debug|Any CPU
		{D64666F4-BB14-4D69-A664-7BF1E0358381}.Debug|x64.Build.0 = Debug|Any CPU
		{D64666F4-BB14-4D69-A664-7BF1E0358381}.Debug|x86.ActiveCfg = Debug|Any CPU
		{D64666F4-BB14-4D69-A664-7BF1E0358381}.Debug|x86.Build.0 = Debug|Any CPU
		{D64666F4-BB14-4D69-A664-7BF1E0358381}.Release|Any CPU.ActiveCfg = Release|Any CPU
		{D64666F4-BB14-4D69-A664-7BF1E0358381}.Release|Any CPU.Build.0 = Release|Any CPU
		{D64666F4-BB14-4D69-A664-7BF1E0358381}.Release|x64.ActiveCfg = Release|Any CPU
		{D64666F4-BB14-4D69-A664-7BF1E0358381}.Release|x64.Build.0 = Release|Any CPU
		{D64666F4-BB14-4D69-A664-7BF1E0358381}.Release|x86.ActiveCfg = Release|Any CPU
		{D64666F4-BB14-4D69-A664-7BF1E0358381}.Release|x86.Build.0 = Release|Any CPU
	EndGlobalSection
	GlobalSection(SolutionProperties) = preSolution
		HideSolutionNode = FALSE
	EndGlobalSection
	GlobalSection(NestedProjects) = preSolution
		{F2A367CE-1019-4DF0-B00F-D032FB308441} = {827E0CD3-B72D-47B6-A68D-7590B98EB39B}
		{7021B81D-0388-45D5-AFF9-C104736B0AFC} = {827E0CD3-B72D-47B6-A68D-7590B98EB39B}
		{D64666F4-BB14-4D69-A664-7BF1E0358381} = {827E0CD3-B72D-47B6-A68D-7590B98EB39B}
	EndGlobalSection
EndGlobal
